
Microsoft Visual Studio Solution File, Format Version 12.00
# Visual Studio Version 16
VisualStudioVersion = 16.0.30114.105
MinimumVisualStudioVersion = 10.0.40219.1
Project("{FAE04EC0-301F-11D3-BF4B-00C04F79EFBC}") = "API", "API\API.csproj", "{14F1CD34-89D5-4B60-ACEF-30447146C89E}"
EndProject
Project("{FAE04EC0-301F-11D3-BF4B-00C04F79EFBC}") = "Core", "Core\Core.csproj", "{EC226BCF-7A61-46A8-BEB6-82065011EAD9}"
EndProject
Project("{FAE04EC0-301F-11D3-BF4B-00C04F79EFBC}") = "Infrastructure", "Infrastructure\Infrastructure.csproj", "{1A02B150-D3C3-4DDA-984D-3D09F7760EC2}"
EndProject
Global
	GlobalSection(SolutionConfigurationPlatforms) = preSolution
		Debug|Any CPU = Debug|Any CPU
		Release|Any CPU = Release|Any CPU
	EndGlobalSection
	GlobalSection(SolutionProperties) = preSolution
		HideSolutionNode = FALSE
	EndGlobalSection
	GlobalSection(ProjectConfigurationPlatforms) = postSolution
		{14F1CD34-89D5-4B60-ACEF-30447146C89E}.Debug|Any CPU.ActiveCfg = Debug|Any CPU
		{14F1CD34-89D5-4B60-ACEF-30447146C89E}.Debug|Any CPU.Build.0 = Debug|Any CPU
		{14F1CD34-89D5-4B60-ACEF-30447146C89E}.Release|Any CPU.ActiveCfg = Release|Any CPU
		{14F1CD34-89D5-4B60-ACEF-30447146C89E}.Release|Any CPU.Build.0 = Release|Any CPU
		{EC226BCF-7A61-46A8-BEB6-82065011EAD9}.Debug|Any CPU.ActiveCfg = Debug|Any CPU
		{EC226BCF-7A61-46A8-BEB6-82065011EAD9}.Debug|Any CPU.Build.0 = Debug|Any CPU
		{EC226BCF-7A61-46A8-BEB6-82065011EAD9}.Release|Any CPU.ActiveCfg = Release|Any CPU
		{EC226BCF-7A61-46A8-BEB6-82065011EAD9}.Release|Any CPU.Build.0 = Release|Any CPU
		{1A02B150-D3C3-4DDA-984D-3D09F7760EC2}.Debug|Any CPU.ActiveCfg = Debug|Any CPU
		{1A02B150-D3C3-4DDA-984D-3D09F7760EC2}.Debug|Any CPU.Build.0 = Debug|Any CPU
		{1A02B150-D3C3-4DDA-984D-3D09F7760EC2}.Release|Any CPU.ActiveCfg = Release|Any CPU
		{1A02B150-D3C3-4DDA-984D-3D09F7760EC2}.Release|Any CPU.Build.0 = Release|Any CPU
	EndGlobalSection
EndGlobal
